
Microsoft Visual Studio Solution File, Format Version 12.00
# Visual Studio 15
VisualStudioVersion = 15.0.27703.2047
MinimumVisualStudioVersion = 10.0.40219.1
Project("{8BC9CEB8-8B4A-11D0-8D11-00A0C91BC942}") = "WeChatSDK", "WeChatSDK\WeChatSDK.vcxproj", "{78847C4B-7262-46A1-85D5-47ADB8CE758D}"
EndProject
Project("{8BC9CEB8-8B4A-11D0-8D11-00A0C91BC942}") = "Debug4SDK", "Debug4SDK\Debug4SDK.vcxproj", "{595284FC-7D4E-4E7E-8A42-D7B111FC4895}"
	ProjectSection(ProjectDependencies) = postProject
		{78847C4B-7262-46A1-85D5-47ADB8CE758D} = {78847C4B-7262-46A1-85D5-47ADB8CE758D}
	EndProjectSection
EndProject
Project("{8BC9CEB8-8B4A-11D0-8D11-00A0C91BC942}") = "adler32", "adler32\adler32.vcxproj", "{E20B9C7F-CE6C-4EA3-80BF-D69481722F7C}"
EndProject
Global
	GlobalSection(SolutionConfigurationPlatforms) = preSolution
		Debug|Win32 = Debug|Win32
		Debug|x64 = Debug|x64
		Debug|x86 = Debug|x86
		Release|Win32 = Release|Win32
		Release|x64 = Release|x64
		Release|x86 = Release|x86
	EndGlobalSection
	GlobalSection(ProjectConfigurationPlatforms) = postSolution
		{78847C4B-7262-46A1-85D5-47ADB8CE758D}.Debug|Win32.ActiveCfg = Debug|Win32
		{78847C4B-7262-46A1-85D5-47ADB8CE758D}.Debug|Win32.Build.0 = Debug|Win32
		{78847C4B-7262-46A1-85D5-47ADB8CE758D}.Debug|x64.ActiveCfg = Debug|x64
		{78847C4B-7262-46A1-85D5-47ADB8CE758D}.Debug|x64.Build.0 = Debug|x64
		{78847C4B-7262-46A1-85D5-47ADB8CE758D}.Debug|x86.ActiveCfg = Debug|Win32
		{78847C4B-7262-46A1-85D5-47ADB8CE758D}.Debug|x86.Build.0 = Debug|Win32
		{78847C4B-7262-46A1-85D5-47ADB8CE758D}.Release|Win32.ActiveCfg = Release|Win32
		{78847C4B-7262-46A1-85D5-47ADB8CE758D}.Release|Win32.Build.0 = Release|Win32
		{78847C4B-7262-46A1-85D5-47ADB8CE758D}.Release|x64.ActiveCfg = Release|x64
		{78847C4B-7262-46A1-85D5-47ADB8CE758D}.Release|x64.Build.0 = Release|x64
		{78847C4B-7262-46A1-85D5-47ADB8CE758D}.Release|x86.ActiveCfg = Release|Win32
		{78847C4B-7262-46A1-85D5-47ADB8CE758D}.Release|x86.Build.0 = Release|Win32
		{595284FC-7D4E-4E7E-8A42-D7B111FC4895}.Debug|Win32.ActiveCfg = Debug|Win32
		{595284FC-7D4E-4E7E-8A42-D7B111FC4895}.Debug|Win32.Build.0 = Debug|Win32
		{595284FC-7D4E-4E7E-8A42-D7B111FC4895}.Debug|x64.ActiveCfg = Debug|x64
		{595284FC-7D4E-4E7E-8A42-D7B111FC4895}.Debug|x64.Build.0 = Debug|x64
		{595284FC-7D4E-4E7E-8A42-D7B111FC4895}.Debug|x86.ActiveCfg = Debug|Win32
		{595284FC-7D4E-4E7E-8A42-D7B111FC4895}.Debug|x86.Build.0 = Debug|Win32
		{595284FC-7D4E-4E7E-8A42-D7B111FC4895}.Release|Win32.ActiveCfg = Release|Win32
		{595284FC-7D4E-4E7E-8A42-D7B111FC4895}.Release|Win32.Build.0 = Release|Win32
		{595284FC-7D4E-4E7E-8A42-D7B111FC4895}.Release|x64.ActiveCfg = Release|x64
		{595284FC-7D4E-4E7E-8A42-D7B111FC4895}.Release|x64.Build.0 = Release|x64
		{595284FC-7D4E-4E7E-8A42-D7B111FC4895}.Release|x86.ActiveCfg = Release|Win32
		{595284FC-7D4E-4E7E-8A42-D7B111FC4895}.Release|x86.Build.0 = Release|Win32
		{E20B9C7F-CE6C-4EA3-80BF-D69481722F7C}.Debug|Win32.ActiveCfg = Debug|Win32
		{E20B9C7F-CE6C-4EA3-80BF-D69481722F7C}.Debug|Win32.Build.0 = Debug|Win32
		{E20B9C7F-CE6C-4EA3-80BF-D69481722F7C}.Debug|x64.ActiveCfg = Debug|x64
		{E20B9C7F-CE6C-4EA3-80BF-D69481722F7C}.Debug|x64.Build.0 = Debug|x64
		{E20B9C7F-CE6C-4EA3-80BF-D69481722F7C}.Debug|x86.ActiveCfg = Debug|Win32
		{E20B9C7F-CE6C-4EA3-80BF-D69481722F7C}.Debug|x86.Build.0 = Debug|Win32
		{E20B9C7F-CE6C-4EA3-80BF-D69481722F7C}.Release|Win32.ActiveCfg = Release|Win32
		{E20B9C7F-CE6C-4EA3-80BF-D69481722F7C}.Release|Win32.Build.0 = Release|Win32
		{E20B9C7F-CE6C-4EA3-80BF-D69481722F7C}.Release|x64.ActiveCfg = Release|x64
		{E20B9C7F-CE6C-4EA3-80BF-D69481722F7C}.Release|x64.Build.0 = Release|x64
		{E20B9C7F-CE6C-4EA3-80BF-D69481722F7C}.Release|x86.ActiveCfg = Release|Win32
		{E20B9C7F-CE6C-4EA3-80BF-D69481722F7C}.Release|x86.Build.0 = Release|Win32
	EndGlobalSection
	GlobalSection(SolutionProperties) = preSolution
		HideSolutionNode = FALSE
	EndGlobalSection
	GlobalSection(ExtensibilityGlobals) = postSolution
		SolutionGuid = {07ACF2D2-032A-4F34-8798-CF9658CE1E81}
	EndGlobalSection
EndGlobal
